
Microsoft Visual Studio Solution File, Format Version 12.00
Project("{2150E333-8FDC-42A3-9474-1A3956D46DE8}") = "Internal", "Internal", "{899E8A82-ED06-47E8-BF61-AB54C378DDDE}"
EndProject
Project("{FAE04EC0-301F-11D3-BF4B-00C04F79EFBC}") = "UserAccessSystem.Internal.Api", "UserAccessSystem.Internal.Api\UserAccessSystem.Internal.Api.csproj", "{036A077A-FA94-47CE-A6C7-BAE237EACF2C}"
EndProject
Project("{FAE04EC0-301F-11D3-BF4B-00C04F79EFBC}") = "UserAccessSystem.Internal.Application", "UserAccessSystem.Internal.Application\UserAccessSystem.Internal.Application.csproj", "{75273A08-87BF-4A2E-ADCD-76308A2A58B2}"
EndProject
Project("{FAE04EC0-301F-11D3-BF4B-00C04F79EFBC}") = "UserAccessSystem.Internal.Infrastructure", "UserAccessSystem.Internal.Infrastructure\UserAccessSystem.Internal.Infrastructure.csproj", "{E0FE0E65-E71A-40F3-BAB2-9CA4CC6AC620}"
EndProject
Project("{FAE04EC0-301F-11D3-BF4B-00C04F79EFBC}") = "UserAccessSystem.Internal.Persistence", "UserAccessSystem.Internal.Persistence\UserAccessSystem.Internal.Persistence.csproj", "{A320D5C2-7A3E-4C85-9AA2-333B29CDFF82}"
EndProject
Project("{FAE04EC0-301F-11D3-BF4B-00C04F79EFBC}") = "UserAccessSystem.Internal.Domain", "UserAccessSystem.Internal.Domain\UserAccessSystem.Internal.Domain.csproj", "{A3428AE3-8EFF-4431-82F3-15B49AA8FE90}"
EndProject
Project("{2150E333-8FDC-42A3-9474-1A3956D46DE8}") = "External", "External", "{4D30658D-F5B9-4FDB-B827-1E8D4528489A}"
EndProject
Project("{FAE04EC0-301F-11D3-BF4B-00C04F79EFBC}") = "UserAccessSystem.Contract", "UserAccessSystem.Contract\UserAccessSystem.Contract.csproj", "{14FE5105-8737-4890-B50B-92E3DF38079E}"
EndProject
Project("{FAE04EC0-301F-11D3-BF4B-00C04F79EFBC}") = "BlazorApp1", "BlazorApp1\BlazorApp1.csproj", "{E5C24EDB-FAFD-4154-9194-DA9D75D5671E}"
EndProject
Global
	GlobalSection(SolutionConfigurationPlatforms) = preSolution
		Debug|Any CPU = Debug|Any CPU
		Release|Any CPU = Release|Any CPU
	EndGlobalSection
	GlobalSection(ProjectConfigurationPlatforms) = postSolution
		{036A077A-FA94-47CE-A6C7-BAE237EACF2C}.Debug|Any CPU.ActiveCfg = Debug|Any CPU
		{036A077A-FA94-47CE-A6C7-BAE237EACF2C}.Debug|Any CPU.Build.0 = Debug|Any CPU
		{036A077A-FA94-47CE-A6C7-BAE237EACF2C}.Release|Any CPU.ActiveCfg = Release|Any CPU
		{036A077A-FA94-47CE-A6C7-BAE237EACF2C}.Release|Any CPU.Build.0 = Release|Any CPU
		{75273A08-87BF-4A2E-ADCD-76308A2A58B2}.Debug|Any CPU.ActiveCfg = Debug|Any CPU
		{75273A08-87BF-4A2E-ADCD-76308A2A58B2}.Debug|Any CPU.Build.0 = Debug|Any CPU
		{75273A08-87BF-4A2E-ADCD-76308A2A58B2}.Release|Any CPU.ActiveCfg = Release|Any CPU
		{75273A08-87BF-4A2E-ADCD-76308A2A58B2}.Release|Any CPU.Build.0 = Release|Any CPU
		{E0FE0E65-E71A-40F3-BAB2-9CA4CC6AC620}.Debug|Any CPU.ActiveCfg = Debug|Any CPU
		{E0FE0E65-E71A-40F3-BAB2-9CA4CC6AC620}.Debug|Any CPU.Build.0 = Debug|Any CPU
		{E0FE0E65-E71A-40F3-BAB2-9CA4CC6AC620}.Release|Any CPU.ActiveCfg = Release|Any CPU
		{E0FE0E65-E71A-40F3-BAB2-9CA4CC6AC620}.Release|Any CPU.Build.0 = Release|Any CPU
		{A320D5C2-7A3E-4C85-9AA2-333B29CDFF82}.Debug|Any CPU.ActiveCfg = Debug|Any CPU
		{A320D5C2-7A3E-4C85-9AA2-333B29CDFF82}.Debug|Any CPU.Build.0 = Debug|Any CPU
		{A320D5C2-7A3E-4C85-9AA2-333B29CDFF82}.Release|Any CPU.ActiveCfg = Release|Any CPU
		{A320D5C2-7A3E-4C85-9AA2-333B29CDFF82}.Release|Any CPU.Build.0 = Release|Any CPU
		{A3428AE3-8EFF-4431-82F3-15B49AA8FE90}.Debug|Any CPU.ActiveCfg = Debug|Any CPU
		{A3428AE3-8EFF-4431-82F3-15B49AA8FE90}.Debug|Any CPU.Build.0 = Debug|Any CPU
		{A3428AE3-8EFF-4431-82F3-15B49AA8FE90}.Release|Any CPU.ActiveCfg = Release|Any CPU
		{A3428AE3-8EFF-4431-82F3-15B49AA8FE90}.Release|Any CPU.Build.0 = Release|Any CPU
		{14FE5105-8737-4890-B50B-92E3DF38079E}.Debug|Any CPU.ActiveCfg = Debug|Any CPU
		{14FE5105-8737-4890-B50B-92E3DF38079E}.Debug|Any CPU.Build.0 = Debug|Any CPU
		{14FE5105-8737-4890-B50B-92E3DF38079E}.Release|Any CPU.ActiveCfg = Release|Any CPU
		{14FE5105-8737-4890-B50B-92E3DF38079E}.Release|Any CPU.Build.0 = Release|Any CPU
		{E5C24EDB-FAFD-4154-9194-DA9D75D5671E}.Debug|Any CPU.ActiveCfg = Debug|Any CPU
		{E5C24EDB-FAFD-4154-9194-DA9D75D5671E}.Debug|Any CPU.Build.0 = Debug|Any CPU
		{E5C24EDB-FAFD-4154-9194-DA9D75D5671E}.Release|Any CPU.ActiveCfg = Release|Any CPU
		{E5C24EDB-FAFD-4154-9194-DA9D75D5671E}.Release|Any CPU.Build.0 = Release|Any CPU
	EndGlobalSection
	GlobalSection(NestedProjects) = preSolution
		{036A077A-FA94-47CE-A6C7-BAE237EACF2C} = {899E8A82-ED06-47E8-BF61-AB54C378DDDE}
		{75273A08-87BF-4A2E-ADCD-76308A2A58B2} = {899E8A82-ED06-47E8-BF61-AB54C378DDDE}
		{E0FE0E65-E71A-40F3-BAB2-9CA4CC6AC620} = {899E8A82-ED06-47E8-BF61-AB54C378DDDE}
		{A320D5C2-7A3E-4C85-9AA2-333B29CDFF82} = {899E8A82-ED06-47E8-BF61-AB54C378DDDE}
		{A3428AE3-8EFF-4431-82F3-15B49AA8FE90} = {899E8A82-ED06-47E8-BF61-AB54C378DDDE}
		{E5C24EDB-FAFD-4154-9194-DA9D75D5671E} = {4D30658D-F5B9-4FDB-B827-1E8D4528489A}
	EndGlobalSection
EndGlobal
